{
  "name": "Phaser",
  "lockfileVersion": 2,
  "requires": true,
  "packages": {
    "": {
      "dependencies": {
        "colyseus.js": "^0.14.13",
        "phaser": "^3.55.2"
      }
    },
    "node_modules/@colyseus/schema": {
      "version": "1.0.45",
      "resolved": "https://registry.npmjs.org/@colyseus/schema/-/schema-1.0.45.tgz",
      "integrity": "sha512-oW8126BOZMtf0ryuoarbeSnhmthEtrwsFwLVtVmam8IhrimEi9VGPs5GNMVo+rHcnUH1x+5j9MDZNaCq5h1OdA==",
      "bin": {
        "schema-codegen": "bin/schema-codegen"
      }
    },
    "node_modules/colyseus.js": {
      "version": "0.14.13",
      "resolved": "https://registry.npmjs.org/colyseus.js/-/colyseus.js-0.14.13.tgz",
      "integrity": "sha512-2z1jgOfozQ02gLG5RtTHpk9VZur2b7U4KI9NNldjOZmfc2DZeKejdcKchBTwiDcSwwJQQ4SSOfVUhOcBMILDqA==",
      "dependencies": {
        "@colyseus/schema": "^1.0.22",
        "httpie": "^2.0.0-next.13",
        "nanoevents": "^5.1.12",
        "notepack.io": "^2.1.3",
        "tslib": "^2.1.0"
      },
      "engines": {
        "node": ">= 12.x"
      }
    },
    "node_modules/eventemitter3": {
      "version": "4.0.7",
      "resolved": "https://registry.npmjs.org/eventemitter3/-/eventemitter3-4.0.7.tgz",
      "integrity": "sha512-8guHBZCwKnFhYdHr2ysuRWErTwhoN2X8XELRlrRwpmfeY2jjuUN4taQMsULKUVo1K4DvZl+0pgfyoysHxvmvEw=="
    },
    "node_modules/httpie": {
      "version": "2.0.0-next.13",
      "resolved": "https://registry.npmjs.org/httpie/-/httpie-2.0.0-next.13.tgz",
      "integrity": "sha512-KbKOnq8wt0hVEfteYCSnEsPgzaWxcVc4qZ4OaDU9mVOYLRo3XChjWs3MiuRgFu5y+4JDo7sDKdKzkAn1ljQYFA==",
      "engines": {
        "node": ">=10"
      }
    },
    "node_modules/inherits": {
      "version": "2.0.3",
      "resolved": "https://registry.npmjs.org/inherits/-/inherits-2.0.3.tgz",
      "integrity": "sha512-x00IRNXNy63jwGkJmzPigoySHbaqpNuzKbBOmzK+g2OdZpQ9w+sxCN+VSB3ja7IAge2OP2qpfxTjeNcyjmW1uw=="
    },
    "node_modules/nanoevents": {
      "version": "5.1.13",
      "resolved": "https://registry.npmjs.org/nanoevents/-/nanoevents-5.1.13.tgz",
      "integrity": "sha512-JFAeG9fp0QZnRoESHjkbVFbZ9BkOXkkagUVwZVo/pkSX+Fq1VKlY+5og/8X9CYc6C7vje/CV+bwJ5M2X0+IY9Q==",
      "engines": {
        "node": ">=6.0.0"
      }
    },
    "node_modules/notepack.io": {
      "version": "2.3.0",
      "resolved": "https://registry.npmjs.org/notepack.io/-/notepack.io-2.3.0.tgz",
      "integrity": "sha512-9RiFDxeydHsWOqdthRUck2Kd4UW2NzVd2xxOulZiQ9mvge6ElsHXLpwD3HEJyql6sFEnEn/eMO7HSdS0M5mWkA=="
    },
    "node_modules/path": {
      "version": "0.12.7",
      "resolved": "https://registry.npmjs.org/path/-/path-0.12.7.tgz",
      "integrity": "sha512-aXXC6s+1w7otVF9UletFkFcDsJeO7lSZBPUQhtb5O0xJe8LtYhj/GxldoL09bBj9+ZmE2hNoHqQSFMN5fikh4Q==",
      "dependencies": {
        "process": "^0.11.1",
        "util": "^0.10.3"
      }
    },
    "node_modules/phaser": {
      "version": "3.55.2",
      "resolved": "https://registry.npmjs.org/phaser/-/phaser-3.55.2.tgz",
      "integrity": "sha512-amKXsbb2Ht29dGPKvt1edq3yGGYKtq8373GpJYGKPNPnneYY6MtVTOgjHDuZwtmUyK4v86FugkT3hzW/N4tjxQ==",
      "dependencies": {
        "eventemitter3": "^4.0.7",
        "path": "^0.12.7"
      }
    },
    "node_modules/process": {
      "version": "0.11.10",
      "resolved": "https://registry.npmjs.org/process/-/process-0.11.10.tgz",
      "integrity": "sha512-cdGef/drWFoydD1JsMzuFf8100nZl+GT+yacc2bEced5f9Rjk4z+WtFUTBu9PhOi9j/jfmBPu0mMEY4wIdAF8A==",
      "engines": {
        "node": ">= 0.6.0"
      }
    },
    "node_modules/tslib": {
      "version": "2.5.0",
      "resolved": "https://registry.npmjs.org/tslib/-/tslib-2.5.0.tgz",
      "integrity": "sha512-336iVw3rtn2BUK7ORdIAHTyxHGRIHVReokCR3XjbckJMK7ms8FysBfhLR8IXnAgy7T0PTPNBWKiH514FOW/WSg=="
    },
    "node_modules/util": {
      "version": "0.10.4",
      "resolved": "https://registry.npmjs.org/util/-/util-0.10.4.tgz",
      "integrity": "sha512-0Pm9hTQ3se5ll1XihRic3FDIku70C+iHUdT/W926rSgHV5QgXsYbKZN8MSC3tJtSkhuROzvsQjAaFENRXr+19A==",
      "dependencies": {
        "inherits": "2.0.3"
      }
    }
  },
  "dependencies": {
    "@colyseus/schema": {
      "version": "1.0.45",
      "resolved": "https://registry.npmjs.org/@colyseus/schema/-/schema-1.0.45.tgz",
      "integrity": "sha512-oW8126BOZMtf0ryuoarbeSnhmthEtrwsFwLVtVmam8IhrimEi9VGPs5GNMVo+rHcnUH1x+5j9MDZNaCq5h1OdA=="
    },
    "colyseus.js": {
      "version": "0.14.13",
      "resolved": "https://registry.npmjs.org/colyseus.js/-/colyseus.js-0.14.13.tgz",
      "integrity": "sha512-2z1jgOfozQ02gLG5RtTHpk9VZur2b7U4KI9NNldjOZmfc2DZeKejdcKchBTwiDcSwwJQQ4SSOfVUhOcBMILDqA==",
      "requires": {
        "@colyseus/schema": "^1.0.22",
        "httpie": "^2.0.0-next.13",
        "nanoevents": "^5.1.12",
        "notepack.io": "^2.1.3",
        "tslib": "^2.1.0"
      }
    },
    "eventemitter3": {
      "version": "4.0.7",
      "resolved": "https://registry.npmjs.org/eventemitter3/-/eventemitter3-4.0.7.tgz",
      "integrity": "sha512-8guHBZCwKnFhYdHr2ysuRWErTwhoN2X8XELRlrRwpmfeY2jjuUN4taQMsULKUVo1K4DvZl+0pgfyoysHxvmvEw=="
    },
    "httpie": {
      "version": "2.0.0-next.13",
      "resolved": "https://registry.npmjs.org/httpie/-/httpie-2.0.0-next.13.tgz",
      "integrity": "sha512-KbKOnq8wt0hVEfteYCSnEsPgzaWxcVc4qZ4OaDU9mVOYLRo3XChjWs3MiuRgFu5y+4JDo7sDKdKzkAn1ljQYFA=="
    },
    "inherits": {
      "version": "2.0.3",
      "resolved": "https://registry.npmjs.org/inherits/-/inherits-2.0.3.tgz",
      "integrity": "sha512-x00IRNXNy63jwGkJmzPigoySHbaqpNuzKbBOmzK+g2OdZpQ9w+sxCN+VSB3ja7IAge2OP2qpfxTjeNcyjmW1uw=="
    },
    "nanoevents": {
      "version": "5.1.13",
      "resolved": "https://registry.npmjs.org/nanoevents/-/nanoevents-5.1.13.tgz",
      "integrity": "sha512-JFAeG9fp0QZnRoESHjkbVFbZ9BkOXkkagUVwZVo/pkSX+Fq1VKlY+5og/8X9CYc6C7vje/CV+bwJ5M2X0+IY9Q=="
    },
    "notepack.io": {
      "version": "2.3.0",
      "resolved": "https://registry.npmjs.org/notepack.io/-/notepack.io-2.3.0.tgz",
      "integrity": "sha512-9RiFDxeydHsWOqdthRUck2Kd4UW2NzVd2xxOulZiQ9mvge6ElsHXLpwD3HEJyql6sFEnEn/eMO7HSdS0M5mWkA=="
    },
    "path": {
      "version": "0.12.7",
      "resolved": "https://registry.npmjs.org/path/-/path-0.12.7.tgz",
      "integrity": "sha512-aXXC6s+1w7otVF9UletFkFcDsJeO7lSZBPUQhtb5O0xJe8LtYhj/GxldoL09bBj9+ZmE2hNoHqQSFMN5fikh4Q==",
      "requires": {
        "process": "^0.11.1",
        "util": "^0.10.3"
      }
    },
    "phaser": {
      "version": "3.55.2",
      "resolved": "https://registry.npmjs.org/phaser/-/phaser-3.55.2.tgz",
      "integrity": "sha512-amKXsbb2Ht29dGPKvt1edq3yGGYKtq8373GpJYGKPNPnneYY6MtVTOgjHDuZwtmUyK4v86FugkT3hzW/N4tjxQ==",
      "requires": {
        "eventemitter3": "^4.0.7",
        "path": "^0.12.7"
      }
    },
    "process": {
      "version": "0.11.10",
      "resolved": "https://registry.npmjs.org/process/-/process-0.11.10.tgz",
      "integrity": "sha512-cdGef/drWFoydD1JsMzuFf8100nZl+GT+yacc2bEced5f9Rjk4z+WtFUTBu9PhOi9j/jfmBPu0mMEY4wIdAF8A=="
    },
    "tslib": {
      "version": "2.5.0",
      "resolved": "https://registry.npmjs.org/tslib/-/tslib-2.5.0.tgz",
      "integrity": "sha512-336iVw3rtn2BUK7ORdIAHTyxHGRIHVReokCR3XjbckJMK7ms8FysBfhLR8IXnAgy7T0PTPNBWKiH514FOW/WSg=="
    },
    "util": {
      "version": "0.10.4",
      "resolved": "https://registry.npmjs.org/util/-/util-0.10.4.tgz",
      "integrity": "sha512-0Pm9hTQ3se5ll1XihRic3FDIku70C+iHUdT/W926rSgHV5QgXsYbKZN8MSC3tJtSkhuROzvsQjAaFENRXr+19A==",
      "requires": {
        "inherits": "2.0.3"
      }
    }
  }
}
